// !$*UTF8*$!
{
	archiveVersion = 1;
	classes = {
	};
	objectVersion = 55;
	objects = {

/* Begin PBXBuildFile section */
		110C75612827965600739549 /* GradientButtonView.swift in Sources */ = {isa = PBXBuildFile; fileRef = 110C75602827965600739549 /* GradientButtonView.swift */; };
		110C756628279B0700739549 /* GetEmailView.swift in Sources */ = {isa = PBXBuildFile; fileRef = 110C756528279B0700739549 /* GetEmailView.swift */; };
		110C756828279C7A00739549 /* FormBackgroundView.swift in Sources */ = {isa = PBXBuildFile; fileRef = 110C756728279C7A00739549 /* FormBackgroundView.swift */; };
		110C756A2827ADA500739549 /* TitledEditTextView.swift in Sources */ = {isa = PBXBuildFile; fileRef = 110C75692827ADA500739549 /* TitledEditTextView.swift */; };
		11E8595C28292619000FE3F9 /* EmailVerificationView.swift in Sources */ = {isa = PBXBuildFile; fileRef = 11E8595B28292619000FE3F9 /* EmailVerificationView.swift */; };
		11E8596028292854000FE3F9 /* NewPinView.swift in Sources */ = {isa = PBXBuildFile; fileRef = 11E8595F28292854000FE3F9 /* NewPinView.swift */; };
		11E8596428292B50000FE3F9 /* SignInView.swift in Sources */ = {isa = PBXBuildFile; fileRef = 11E8596328292B50000FE3F9 /* SignInView.swift */; };
		11E8596628293034000FE3F9 /* BrownStrokeModifier.swift in Sources */ = {isa = PBXBuildFile; fileRef = 11E8596528293034000FE3F9 /* BrownStrokeModifier.swift */; };
		11E8596A282932DA000FE3F9 /* PinChangeSuccessView.swift in Sources */ = {isa = PBXBuildFile; fileRef = 11E85969282932DA000FE3F9 /* PinChangeSuccessView.swift */; };
		A12765482826D3DE0025D646 /* ForgotPinDialogueView.swift in Sources */ = {isa = PBXBuildFile; fileRef = A12765472826D3DE0025D646 /* ForgotPinDialogueView.swift */; };
		A1EF530D281D2A3E00DF9733 /* ShaktiCoinApp.swift in Sources */ = {isa = PBXBuildFile; fileRef = A1EF530C281D2A3E00DF9733 /* ShaktiCoinApp.swift */; };
		A1EF530F281D2A3E00DF9733 /* ContentView.swift in Sources */ = {isa = PBXBuildFile; fileRef = A1EF530E281D2A3E00DF9733 /* ContentView.swift */; };
		A1EF5311281D2A3F00DF9733 /* Assets.xcassets in Resources */ = {isa = PBXBuildFile; fileRef = A1EF5310281D2A3F00DF9733 /* Assets.xcassets */; };
		A1EF5314281D2A3F00DF9733 /* Preview Assets.xcassets in Resources */ = {isa = PBXBuildFile; fileRef = A1EF5313281D2A3F00DF9733 /* Preview Assets.xcassets */; };
		A1EF5322281D2DC900DF9733 /* PinView.swift in Sources */ = {isa = PBXBuildFile; fileRef = A1EF5321281D2DC900DF9733 /* PinView.swift */; };
		A1EF5324281D31B500DF9733 /* Color.swift in Sources */ = {isa = PBXBuildFile; fileRef = A1EF5323281D31B500DF9733 /* Color.swift */; };
		A1EF5326281D35C100DF9733 /* BackgroundImageView.swift in Sources */ = {isa = PBXBuildFile; fileRef = A1EF5325281D35C100DF9733 /* BackgroundImageView.swift */; };
		A1EF5334281D381200DF9733 /* Lato-Black.ttf in Resources */ = {isa = PBXBuildFile; fileRef = A1EF5330281D372300DF9733 /* Lato-Black.ttf */; };
		A1EF5335281D381700DF9733 /* Lato-BlackItalic.ttf in Resources */ = {isa = PBXBuildFile; fileRef = A1EF532A281D372300DF9733 /* Lato-BlackItalic.ttf */; };
		A1EF5336281D381B00DF9733 /* Lato-Bold.ttf in Resources */ = {isa = PBXBuildFile; fileRef = A1EF532B281D372300DF9733 /* Lato-Bold.ttf */; };
		A1EF5337281D381E00DF9733 /* Lato-BoldItalic.ttf in Resources */ = {isa = PBXBuildFile; fileRef = A1EF5331281D372300DF9733 /* Lato-BoldItalic.ttf */; };
		A1EF5338281D382100DF9733 /* Lato-Italic.ttf in Resources */ = {isa = PBXBuildFile; fileRef = A1EF532C281D372300DF9733 /* Lato-Italic.ttf */; };
		A1EF5339281D382600DF9733 /* Lato-Light.ttf in Resources */ = {isa = PBXBuildFile; fileRef = A1EF532E281D372300DF9733 /* Lato-Light.ttf */; };
		A1EF533A281D382A00DF9733 /* Lato-LightItalic.ttf in Resources */ = {isa = PBXBuildFile; fileRef = A1EF532D281D372300DF9733 /* Lato-LightItalic.ttf */; };
		A1EF533B281D382E00DF9733 /* Lato-Regular.ttf in Resources */ = {isa = PBXBuildFile; fileRef = A1EF5329281D372200DF9733 /* Lato-Regular.ttf */; };
		A1EF533E281D3A8100DF9733 /* Lato-Thin.ttf in Resources */ = {isa = PBXBuildFile; fileRef = A1EF532F281D372300DF9733 /* Lato-Thin.ttf */; };
		A1EF533F281D3A8500DF9733 /* Lato-ThinItalic.ttf in Resources */ = {isa = PBXBuildFile; fileRef = A1EF5332281D372300DF9733 /* Lato-ThinItalic.ttf */; };
		A1EF5346281D3CBE00DF9733 /* Text+Typography.swift in Sources */ = {isa = PBXBuildFile; fileRef = A1EF5345281D3CBE00DF9733 /* Text+Typography.swift */; };
		A1EF5348281D3DFE00DF9733 /* Text+Styles.swift in Sources */ = {isa = PBXBuildFile; fileRef = A1EF5347281D3DFE00DF9733 /* Text+Styles.swift */; };
/* End PBXBuildFile section */

/* Begin PBXFileReference section */
		110C75602827965600739549 /* GradientButtonView.swift */ = {isa = PBXFileReference; lastKnownFileType = sourcecode.swift; path = GradientButtonView.swift; sourceTree = "<group>"; };
		110C756528279B0700739549 /* GetEmailView.swift */ = {isa = PBXFileReference; lastKnownFileType = sourcecode.swift; path = GetEmailView.swift; sourceTree = "<group>"; };
		110C756728279C7A00739549 /* FormBackgroundView.swift */ = {isa = PBXFileReference; lastKnownFileType = sourcecode.swift; path = FormBackgroundView.swift; sourceTree = "<group>"; };
		110C75692827ADA500739549 /* TitledEditTextView.swift */ = {isa = PBXFileReference; lastKnownFileType = sourcecode.swift; path = TitledEditTextView.swift; sourceTree = "<group>"; };
		11E8595B28292619000FE3F9 /* EmailVerificationView.swift */ = {isa = PBXFileReference; lastKnownFileType = sourcecode.swift; path = EmailVerificationView.swift; sourceTree = "<group>"; };
		11E8595F28292854000FE3F9 /* NewPinView.swift */ = {isa = PBXFileReference; lastKnownFileType = sourcecode.swift; path = NewPinView.swift; sourceTree = "<group>"; };
		11E8596328292B50000FE3F9 /* SignInView.swift */ = {isa = PBXFileReference; lastKnownFileType = sourcecode.swift; path = SignInView.swift; sourceTree = "<group>"; };
		11E8596528293034000FE3F9 /* BrownStrokeModifier.swift */ = {isa = PBXFileReference; lastKnownFileType = sourcecode.swift; path = BrownStrokeModifier.swift; sourceTree = "<group>"; };
		11E85969282932DA000FE3F9 /* PinChangeSuccessView.swift */ = {isa = PBXFileReference; lastKnownFileType = sourcecode.swift; path = PinChangeSuccessView.swift; sourceTree = "<group>"; };
		A12765472826D3DE0025D646 /* ForgotPinDialogueView.swift */ = {isa = PBXFileReference; lastKnownFileType = sourcecode.swift; path = ForgotPinDialogueView.swift; sourceTree = "<group>"; };
		A1EF5309281D2A3E00DF9733 /* ShaktiCoin.app */ = {isa = PBXFileReference; explicitFileType = wrapper.application; includeInIndex = 0; path = ShaktiCoin.app; sourceTree = BUILT_PRODUCTS_DIR; };
		A1EF530C281D2A3E00DF9733 /* ShaktiCoinApp.swift */ = {isa = PBXFileReference; lastKnownFileType = sourcecode.swift; path = ShaktiCoinApp.swift; sourceTree = "<group>"; };
		A1EF530E281D2A3E00DF9733 /* ContentView.swift */ = {isa = PBXFileReference; lastKnownFileType = sourcecode.swift; path = ContentView.swift; sourceTree = "<group>"; };
		A1EF5310281D2A3F00DF9733 /* Assets.xcassets */ = {isa = PBXFileReference; lastKnownFileType = folder.assetcatalog; path = Assets.xcassets; sourceTree = "<group>"; };
		A1EF5313281D2A3F00DF9733 /* Preview Assets.xcassets */ = {isa = PBXFileReference; lastKnownFileType = folder.assetcatalog; path = "Preview Assets.xcassets"; sourceTree = "<group>"; };
		A1EF5321281D2DC900DF9733 /* PinView.swift */ = {isa = PBXFileReference; lastKnownFileType = sourcecode.swift; path = PinView.swift; sourceTree = "<group>"; };
		A1EF5323281D31B500DF9733 /* Color.swift */ = {isa = PBXFileReference; lastKnownFileType = sourcecode.swift; path = Color.swift; sourceTree = "<group>"; };
		A1EF5325281D35C100DF9733 /* BackgroundImageView.swift */ = {isa = PBXFileReference; lastKnownFileType = sourcecode.swift; path = BackgroundImageView.swift; sourceTree = "<group>"; };
		A1EF5329281D372200DF9733 /* Lato-Regular.ttf */ = {isa = PBXFileReference; lastKnownFileType = file; path = "Lato-Regular.ttf"; sourceTree = "<group>"; };
		A1EF532A281D372300DF9733 /* Lato-BlackItalic.ttf */ = {isa = PBXFileReference; lastKnownFileType = file; path = "Lato-BlackItalic.ttf"; sourceTree = "<group>"; };
		A1EF532B281D372300DF9733 /* Lato-Bold.ttf */ = {isa = PBXFileReference; lastKnownFileType = file; path = "Lato-Bold.ttf"; sourceTree = "<group>"; };
		A1EF532C281D372300DF9733 /* Lato-Italic.ttf */ = {isa = PBXFileReference; lastKnownFileType = file; path = "Lato-Italic.ttf"; sourceTree = "<group>"; };
		A1EF532D281D372300DF9733 /* Lato-LightItalic.ttf */ = {isa = PBXFileReference; lastKnownFileType = file; path = "Lato-LightItalic.ttf"; sourceTree = "<group>"; };
		A1EF532E281D372300DF9733 /* Lato-Light.ttf */ = {isa = PBXFileReference; lastKnownFileType = file; path = "Lato-Light.ttf"; sourceTree = "<group>"; };
		A1EF532F281D372300DF9733 /* Lato-Thin.ttf */ = {isa = PBXFileReference; lastKnownFileType = file; path = "Lato-Thin.ttf"; sourceTree = "<group>"; };
		A1EF5330281D372300DF9733 /* Lato-Black.ttf */ = {isa = PBXFileReference; lastKnownFileType = file; path = "Lato-Black.ttf"; sourceTree = "<group>"; };
		A1EF5331281D372300DF9733 /* Lato-BoldItalic.ttf */ = {isa = PBXFileReference; lastKnownFileType = file; path = "Lato-BoldItalic.ttf"; sourceTree = "<group>"; };
		A1EF5332281D372300DF9733 /* Lato-ThinItalic.ttf */ = {isa = PBXFileReference; lastKnownFileType = file; path = "Lato-ThinItalic.ttf"; sourceTree = "<group>"; };
		A1EF5333281D375A00DF9733 /* Info.plist */ = {isa = PBXFileReference; lastKnownFileType = text.plist; path = Info.plist; sourceTree = "<group>"; };
		A1EF5345281D3CBE00DF9733 /* Text+Typography.swift */ = {isa = PBXFileReference; lastKnownFileType = sourcecode.swift; path = "Text+Typography.swift"; sourceTree = "<group>"; };
		A1EF5347281D3DFE00DF9733 /* Text+Styles.swift */ = {isa = PBXFileReference; lastKnownFileType = sourcecode.swift; path = "Text+Styles.swift"; sourceTree = "<group>"; };
/* End PBXFileReference section */

/* Begin PBXFrameworksBuildPhase section */
		A1EF5306281D2A3E00DF9733 /* Frameworks */ = {
			isa = PBXFrameworksBuildPhase;
			buildActionMask = 2147483647;
			files = (
			);
			runOnlyForDeploymentPostprocessing = 0;
		};
/* End PBXFrameworksBuildPhase section */

/* Begin PBXGroup section */
		110C755F2827961000739549 /* Buttons */ = {
			isa = PBXGroup;
			children = (
				110C75602827965600739549 /* GradientButtonView.swift */,
			);
			path = Buttons;
			sourceTree = "<group>";
		};
		110C756228279ACD00739549 /* Email */ = {
			isa = PBXGroup;
			children = (
				110C756428279AE300739549 /* ViewModel */,
				110C756328279ADB00739549 /* View */,
			);
			path = Email;
			sourceTree = "<group>";
		};
		110C756328279ADB00739549 /* View */ = {
			isa = PBXGroup;
			children = (
				110C756528279B0700739549 /* GetEmailView.swift */,
			);
			path = View;
			sourceTree = "<group>";
		};
		110C756428279AE300739549 /* ViewModel */ = {
			isa = PBXGroup;
			children = (
			);
			path = ViewModel;
			sourceTree = "<group>";
		};
		11E85958282925A5000FE3F9 /* User */ = {
			isa = PBXGroup;
			children = (
				11E859672829328E000FE3F9 /* PinChangeSuccces */,
				11E8596128292B34000FE3F9 /* SignIn */,
				11E8595D28292837000FE3F9 /* NewPin */,
				11E85959282925D4000FE3F9 /* EmailVerification */,
				110C756228279ACD00739549 /* Email */,
			);
			path = User;
			sourceTree = "<group>";
		};
		11E85959282925D4000FE3F9 /* EmailVerification */ = {
			isa = PBXGroup;
			children = (
				11E8595A282925F3000FE3F9 /* View */,
			);
			path = EmailVerification;
			sourceTree = "<group>";
		};
		11E8595A282925F3000FE3F9 /* View */ = {
			isa = PBXGroup;
			children = (
				11E8595B28292619000FE3F9 /* EmailVerificationView.swift */,
			);
			path = View;
			sourceTree = "<group>";
		};
		11E8595D28292837000FE3F9 /* NewPin */ = {
			isa = PBXGroup;
			children = (
				11E8595E28292840000FE3F9 /* View */,
			);
			path = NewPin;
			sourceTree = "<group>";
		};
		11E8595E28292840000FE3F9 /* View */ = {
			isa = PBXGroup;
			children = (
				11E8595F28292854000FE3F9 /* NewPinView.swift */,
			);
			path = View;
			sourceTree = "<group>";
		};
		11E8596128292B34000FE3F9 /* SignIn */ = {
			isa = PBXGroup;
			children = (
				11E8596228292B3A000FE3F9 /* View */,
			);
			path = SignIn;
			sourceTree = "<group>";
		};
		11E8596228292B3A000FE3F9 /* View */ = {
			isa = PBXGroup;
			children = (
				11E8596328292B50000FE3F9 /* SignInView.swift */,
			);
			path = View;
			sourceTree = "<group>";
		};
		11E859672829328E000FE3F9 /* PinChangeSuccces */ = {
			isa = PBXGroup;
			children = (
				11E85968282932C2000FE3F9 /* View */,
			);
			path = PinChangeSuccces;
			sourceTree = "<group>";
		};
		11E85968282932C2000FE3F9 /* View */ = {
			isa = PBXGroup;
			children = (
				11E85969282932DA000FE3F9 /* PinChangeSuccessView.swift */,
			);
			path = View;
			sourceTree = "<group>";
		};
		A1EF5300281D2A3E00DF9733 = {
			isa = PBXGroup;
			children = (
				A1EF530B281D2A3E00DF9733 /* ShaktiCoin */,
				A1EF530A281D2A3E00DF9733 /* Products */,
			);
			sourceTree = "<group>";
		};
		A1EF530A281D2A3E00DF9733 /* Products */ = {
			isa = PBXGroup;
			children = (
				A1EF5309281D2A3E00DF9733 /* ShaktiCoin.app */,
			);
			name = Products;
			sourceTree = "<group>";
		};
		A1EF530B281D2A3E00DF9733 /* ShaktiCoin */ = {
			isa = PBXGroup;
			children = (
				A1EF5343281D3C9400DF9733 /* Utilities */,
				A1EF5333281D375A00DF9733 /* Info.plist */,
				A1EF531D281D2BF500DF9733 /* Extensions */,
				A1EF531C281D2BE700DF9733 /* Models */,
				A1EF531A281D2BAD00DF9733 /* Core */,
				A1EF530C281D2A3E00DF9733 /* ShaktiCoinApp.swift */,
				A1EF530E281D2A3E00DF9733 /* ContentView.swift */,
				A1EF5327281D36EF00DF9733 /* Resources */,
				A1EF5312281D2A3F00DF9733 /* Preview Content */,
			);
			path = ShaktiCoin;
			sourceTree = "<group>";
		};
		A1EF5312281D2A3F00DF9733 /* Preview Content */ = {
			isa = PBXGroup;
			children = (
				A1EF5313281D2A3F00DF9733 /* Preview Assets.xcassets */,
			);
			path = "Preview Content";
			sourceTree = "<group>";
		};
		A1EF531A281D2BAD00DF9733 /* Core */ = {
			isa = PBXGroup;
			children = (
				11E85958282925A5000FE3F9 /* User */,
				A1EF531E281D2D2100DF9733 /* Pin */,
				A1EF531B281D2BBD00DF9733 /* Components */,
			);
			path = Core;
			sourceTree = "<group>";
		};
		A1EF531B281D2BBD00DF9733 /* Components */ = {
			isa = PBXGroup;
			children = (
				110C755F2827961000739549 /* Buttons */,
				A1EF5325281D35C100DF9733 /* BackgroundImageView.swift */,
				110C756728279C7A00739549 /* FormBackgroundView.swift */,
				110C75692827ADA500739549 /* TitledEditTextView.swift */,
				11E8596528293034000FE3F9 /* BrownStrokeModifier.swift */,
			);
			path = Components;
			sourceTree = "<group>";
		};
		A1EF531C281D2BE700DF9733 /* Models */ = {
			isa = PBXGroup;
			children = (
			);
			path = Models;
			sourceTree = "<group>";
		};
		A1EF531D281D2BF500DF9733 /* Extensions */ = {
			isa = PBXGroup;
			children = (
				A1EF5323281D31B500DF9733 /* Color.swift */,
			);
			path = Extensions;
			sourceTree = "<group>";
		};
		A1EF531E281D2D2100DF9733 /* Pin */ = {
			isa = PBXGroup;
			children = (
				A1EF5320281D2D7000DF9733 /* ViewModel */,
				A1EF531F281D2D6100DF9733 /* View */,
			);
			path = Pin;
			sourceTree = "<group>";
		};
		A1EF531F281D2D6100DF9733 /* View */ = {
			isa = PBXGroup;
			children = (
				A1EF5321281D2DC900DF9733 /* PinView.swift */,
				A12765472826D3DE0025D646 /* ForgotPinDialogueView.swift */,
			);
			path = View;
			sourceTree = "<group>";
		};
		A1EF5320281D2D7000DF9733 /* ViewModel */ = {
			isa = PBXGroup;
			children = (
			);
			path = ViewModel;
			sourceTree = "<group>";
		};
		A1EF5327281D36EF00DF9733 /* Resources */ = {
			isa = PBXGroup;
			children = (
				A1EF5328281D36F800DF9733 /* Fonts */,
				A1EF5310281D2A3F00DF9733 /* Assets.xcassets */,
			);
			path = Resources;
			sourceTree = "<group>";
		};
		A1EF5328281D36F800DF9733 /* Fonts */ = {
			isa = PBXGroup;
			children = (
				A1EF5330281D372300DF9733 /* Lato-Black.ttf */,
				A1EF532A281D372300DF9733 /* Lato-BlackItalic.ttf */,
				A1EF532B281D372300DF9733 /* Lato-Bold.ttf */,
				A1EF5331281D372300DF9733 /* Lato-BoldItalic.ttf */,
				A1EF532C281D372300DF9733 /* Lato-Italic.ttf */,
				A1EF532E281D372300DF9733 /* Lato-Light.ttf */,
				A1EF532D281D372300DF9733 /* Lato-LightItalic.ttf */,
				A1EF5329281D372200DF9733 /* Lato-Regular.ttf */,
				A1EF532F281D372300DF9733 /* Lato-Thin.ttf */,
				A1EF5332281D372300DF9733 /* Lato-ThinItalic.ttf */,
			);
			path = Fonts;
			sourceTree = "<group>";
		};
		A1EF5343281D3C9400DF9733 /* Utilities */ = {
			isa = PBXGroup;
			children = (
				A1EF5344281D3CA700DF9733 /* Styles */,
			);
			path = Utilities;
			sourceTree = "<group>";
		};
		A1EF5344281D3CA700DF9733 /* Styles */ = {
			isa = PBXGroup;
			children = (
				A1EF5345281D3CBE00DF9733 /* Text+Typography.swift */,
				A1EF5347281D3DFE00DF9733 /* Text+Styles.swift */,
			);
			path = Styles;
			sourceTree = "<group>";
		};
/* End PBXGroup section */

/* Begin PBXNativeTarget section */
		A1EF5308281D2A3E00DF9733 /* ShaktiCoin */ = {
			isa = PBXNativeTarget;
			buildConfigurationList = A1EF5317281D2A3F00DF9733 /* Build configuration list for PBXNativeTarget "ShaktiCoin" */;
			buildPhases = (
				A1EF5305281D2A3E00DF9733 /* Sources */,
				A1EF5306281D2A3E00DF9733 /* Frameworks */,
				A1EF5307281D2A3E00DF9733 /* Resources */,
			);
			buildRules = (
			);
			dependencies = (
			);
			name = ShaktiCoin;
			productName = ShaktiCoin;
			productReference = A1EF5309281D2A3E00DF9733 /* ShaktiCoin.app */;
			productType = "com.apple.product-type.application";
		};
/* End PBXNativeTarget section */

/* Begin PBXProject section */
		A1EF5301281D2A3E00DF9733 /* Project object */ = {
			isa = PBXProject;
			attributes = {
				BuildIndependentTargetsInParallel = 1;
				LastSwiftUpdateCheck = 1330;
				LastUpgradeCheck = 1330;
				TargetAttributes = {
					A1EF5308281D2A3E00DF9733 = {
						CreatedOnToolsVersion = 13.3.1;
					};
				};
			};
			buildConfigurationList = A1EF5304281D2A3E00DF9733 /* Build configuration list for PBXProject "ShaktiCoin" */;
			compatibilityVersion = "Xcode 13.0";
			developmentRegion = en;
			hasScannedForEncodings = 0;
			knownRegions = (
				en,
				Base,
			);
			mainGroup = A1EF5300281D2A3E00DF9733;
			productRefGroup = A1EF530A281D2A3E00DF9733 /* Products */;
			projectDirPath = "";
			projectRoot = "";
			targets = (
				A1EF5308281D2A3E00DF9733 /* ShaktiCoin */,
			);
		};
/* End PBXProject section */

/* Begin PBXResourcesBuildPhase section */
		A1EF5307281D2A3E00DF9733 /* Resources */ = {
			isa = PBXResourcesBuildPhase;
			buildActionMask = 2147483647;
			files = (
				A1EF5335281D381700DF9733 /* Lato-BlackItalic.ttf in Resources */,
				A1EF533F281D3A8500DF9733 /* Lato-ThinItalic.ttf in Resources */,
				A1EF533E281D3A8100DF9733 /* Lato-Thin.ttf in Resources */,
				A1EF5338281D382100DF9733 /* Lato-Italic.ttf in Resources */,
				A1EF5336281D381B00DF9733 /* Lato-Bold.ttf in Resources */,
				A1EF5314281D2A3F00DF9733 /* Preview Assets.xcassets in Resources */,
				A1EF5337281D381E00DF9733 /* Lato-BoldItalic.ttf in Resources */,
				A1EF5334281D381200DF9733 /* Lato-Black.ttf in Resources */,
				A1EF5311281D2A3F00DF9733 /* Assets.xcassets in Resources */,
				A1EF533B281D382E00DF9733 /* Lato-Regular.ttf in Resources */,
				A1EF533A281D382A00DF9733 /* Lato-LightItalic.ttf in Resources */,
				A1EF5339281D382600DF9733 /* Lato-Light.ttf in Resources */,
			);
			runOnlyForDeploymentPostprocessing = 0;
		};
/* End PBXResourcesBuildPhase section */

/* Begin PBXSourcesBuildPhase section */
		A1EF5305281D2A3E00DF9733 /* Sources */ = {
			isa = PBXSourcesBuildPhase;
			buildActionMask = 2147483647;
			files = (
				A1EF5348281D3DFE00DF9733 /* Text+Styles.swift in Sources */,
				A1EF5326281D35C100DF9733 /* BackgroundImageView.swift in Sources */,
				11E8595C28292619000FE3F9 /* EmailVerificationView.swift in Sources */,
				11E8596628293034000FE3F9 /* BrownStrokeModifier.swift in Sources */,
				110C756628279B0700739549 /* GetEmailView.swift in Sources */,
				110C756A2827ADA500739549 /* TitledEditTextView.swift in Sources */,
				A1EF530F281D2A3E00DF9733 /* ContentView.swift in Sources */,
				A12765482826D3DE0025D646 /* ForgotPinDialogueView.swift in Sources */,
				11E8596028292854000FE3F9 /* NewPinView.swift in Sources */,
				11E8596A282932DA000FE3F9 /* PinChangeSuccessView.swift in Sources */,
				110C75612827965600739549 /* GradientButtonView.swift in Sources */,
				11E8596428292B50000FE3F9 /* SignInView.swift in Sources */,
				A1EF5324281D31B500DF9733 /* Color.swift in Sources */,
				110C756828279C7A00739549 /* FormBackgroundView.swift in Sources */,
				A1EF530D281D2A3E00DF9733 /* ShaktiCoinApp.swift in Sources */,
				A1EF5322281D2DC900DF9733 /* PinView.swift in Sources */,
				A1EF5346281D3CBE00DF9733 /* Text+Typography.swift in Sources */,
			);
			runOnlyForDeploymentPostprocessing = 0;
		};
/* End PBXSourcesBuildPhase section */

/* Begin XCBuildConfiguration section */
		A1EF5315281D2A3F00DF9733 /* Debug */ = {
			isa = XCBuildConfiguration;
			buildSettings = {
				ALWAYS_SEARCH_USER_PATHS = NO;
				CLANG_ANALYZER_NONNULL = YES;
				CLANG_ANALYZER_NUMBER_OBJECT_CONVERSION = YES_AGGRESSIVE;
				CLANG_CXX_LANGUAGE_STANDARD = "gnu++17";
				CLANG_ENABLE_MODULES = YES;
				CLANG_ENABLE_OBJC_ARC = YES;
				CLANG_ENABLE_OBJC_WEAK = YES;
				CLANG_WARN_BLOCK_CAPTURE_AUTORELEASING = YES;
				CLANG_WARN_BOOL_CONVERSION = YES;
				CLANG_WARN_COMMA = YES;
				CLANG_WARN_CONSTANT_CONVERSION = YES;
				CLANG_WARN_DEPRECATED_OBJC_IMPLEMENTATIONS = YES;
				CLANG_WARN_DIRECT_OBJC_ISA_USAGE = YES_ERROR;
				CLANG_WARN_DOCUMENTATION_COMMENTS = YES;
				CLANG_WARN_EMPTY_BODY = YES;
				CLANG_WARN_ENUM_CONVERSION = YES;
				CLANG_WARN_INFINITE_RECURSION = YES;
				CLANG_WARN_INT_CONVERSION = YES;
				CLANG_WARN_NON_LITERAL_NULL_CONVERSION = YES;
				CLANG_WARN_OBJC_IMPLICIT_RETAIN_SELF = YES;
				CLANG_WARN_OBJC_LITERAL_CONVERSION = YES;
				CLANG_WARN_OBJC_ROOT_CLASS = YES_ERROR;
				CLANG_WARN_QUOTED_INCLUDE_IN_FRAMEWORK_HEADER = YES;
				CLANG_WARN_RANGE_LOOP_ANALYSIS = YES;
				CLANG_WARN_STRICT_PROTOTYPES = YES;
				CLANG_WARN_SUSPICIOUS_MOVE = YES;
				CLANG_WARN_UNGUARDED_AVAILABILITY = YES_AGGRESSIVE;
				CLANG_WARN_UNREACHABLE_CODE = YES;
				CLANG_WARN__DUPLICATE_METHOD_MATCH = YES;
				COPY_PHASE_STRIP = NO;
				DEBUG_INFORMATION_FORMAT = dwarf;
				ENABLE_STRICT_OBJC_MSGSEND = YES;
				ENABLE_TESTABILITY = YES;
				GCC_C_LANGUAGE_STANDARD = gnu11;
				GCC_DYNAMIC_NO_PIC = NO;
				GCC_NO_COMMON_BLOCKS = YES;
				GCC_OPTIMIZATION_LEVEL = 0;
				GCC_PREPROCESSOR_DEFINITIONS = (
					"DEBUG=1",
					"$(inherited)",
				);
				GCC_WARN_64_TO_32_BIT_CONVERSION = YES;
				GCC_WARN_ABOUT_RETURN_TYPE = YES_ERROR;
				GCC_WARN_UNDECLARED_SELECTOR = YES;
				GCC_WARN_UNINITIALIZED_AUTOS = YES_AGGRESSIVE;
				GCC_WARN_UNUSED_FUNCTION = YES;
				GCC_WARN_UNUSED_VARIABLE = YES;
				IPHONEOS_DEPLOYMENT_TARGET = 15.4;
				MTL_ENABLE_DEBUG_INFO = INCLUDE_SOURCE;
				MTL_FAST_MATH = YES;
				ONLY_ACTIVE_ARCH = YES;
				SDKROOT = iphoneos;
				SWIFT_ACTIVE_COMPILATION_CONDITIONS = DEBUG;
				SWIFT_OPTIMIZATION_LEVEL = "-Onone";
			};
			name = Debug;
		};
		A1EF5316281D2A3F00DF9733 /* Release */ = {
			isa = XCBuildConfiguration;
			buildSettings = {
				ALWAYS_SEARCH_USER_PATHS = NO;
				CLANG_ANALYZER_NONNULL = YES;
				CLANG_ANALYZER_NUMBER_OBJECT_CONVERSION = YES_AGGRESSIVE;
				CLANG_CXX_LANGUAGE_STANDARD = "gnu++17";
				CLANG_ENABLE_MODULES = YES;
				CLANG_ENABLE_OBJC_ARC = YES;
				CLANG_ENABLE_OBJC_WEAK = YES;
				CLANG_WARN_BLOCK_CAPTURE_AUTORELEASING = YES;
				CLANG_WARN_BOOL_CONVERSION = YES;
				CLANG_WARN_COMMA = YES;
				CLANG_WARN_CONSTANT_CONVERSION = YES;
				CLANG_WARN_DEPRECATED_OBJC_IMPLEMENTATIONS = YES;
				CLANG_WARN_DIRECT_OBJC_ISA_USAGE = YES_ERROR;
				CLANG_WARN_DOCUMENTATION_COMMENTS = YES;
				CLANG_WARN_EMPTY_BODY = YES;
				CLANG_WARN_ENUM_CONVERSION = YES;
				CLANG_WARN_INFINITE_RECURSION = YES;
				CLANG_WARN_INT_CONVERSION = YES;
				CLANG_WARN_NON_LITERAL_NULL_CONVERSION = YES;
				CLANG_WARN_OBJC_IMPLICIT_RETAIN_SELF = YES;
				CLANG_WARN_OBJC_LITERAL_CONVERSION = YES;
				CLANG_WARN_OBJC_ROOT_CLASS = YES_ERROR;
				CLANG_WARN_QUOTED_INCLUDE_IN_FRAMEWORK_HEADER = YES;
				CLANG_WARN_RANGE_LOOP_ANALYSIS = YES;
				CLANG_WARN_STRICT_PROTOTYPES = YES;
				CLANG_WARN_SUSPICIOUS_MOVE = YES;
				CLANG_WARN_UNGUARDED_AVAILABILITY = YES_AGGRESSIVE;
				CLANG_WARN_UNREACHABLE_CODE = YES;
				CLANG_WARN__DUPLICATE_METHOD_MATCH = YES;
				COPY_PHASE_STRIP = NO;
				DEBUG_INFORMATION_FORMAT = "dwarf-with-dsym";
				ENABLE_NS_ASSERTIONS = NO;
				ENABLE_STRICT_OBJC_MSGSEND = YES;
				GCC_C_LANGUAGE_STANDARD = gnu11;
				GCC_NO_COMMON_BLOCKS = YES;
				GCC_WARN_64_TO_32_BIT_CONVERSION = YES;
				GCC_WARN_ABOUT_RETURN_TYPE = YES_ERROR;
				GCC_WARN_UNDECLARED_SELECTOR = YES;
				GCC_WARN_UNINITIALIZED_AUTOS = YES_AGGRESSIVE;
				GCC_WARN_UNUSED_FUNCTION = YES;
				GCC_WARN_UNUSED_VARIABLE = YES;
				IPHONEOS_DEPLOYMENT_TARGET = 15.4;
				MTL_ENABLE_DEBUG_INFO = NO;
				MTL_FAST_MATH = YES;
				SDKROOT = iphoneos;
				SWIFT_COMPILATION_MODE = wholemodule;
				SWIFT_OPTIMIZATION_LEVEL = "-O";
				VALIDATE_PRODUCT = YES;
			};
			name = Release;
		};
		A1EF5318281D2A3F00DF9733 /* Debug */ = {
			isa = XCBuildConfiguration;
			buildSettings = {
				ASSETCATALOG_COMPILER_APPICON_NAME = AppIcon;
				ASSETCATALOG_COMPILER_GLOBAL_ACCENT_COLOR_NAME = AccentColor;
				CODE_SIGN_STYLE = Automatic;
				CURRENT_PROJECT_VERSION = 1;
				DEVELOPMENT_ASSET_PATHS = "\"ShaktiCoin/Preview Content\"";
				DEVELOPMENT_TEAM = 33Z26KH6FC;
				ENABLE_PREVIEWS = YES;
				GENERATE_INFOPLIST_FILE = YES;
				INFOPLIST_FILE = ShaktiCoin/Info.plist;
				INFOPLIST_KEY_UIApplicationSceneManifest_Generation = YES;
				INFOPLIST_KEY_UIApplicationSupportsIndirectInputEvents = YES;
				INFOPLIST_KEY_UILaunchScreen_Generation = YES;
				INFOPLIST_KEY_UISupportedInterfaceOrientations_iPad = "UIInterfaceOrientationPortrait UIInterfaceOrientationPortraitUpsideDown UIInterfaceOrientationLandscapeLeft UIInterfaceOrientationLandscapeRight";
				INFOPLIST_KEY_UISupportedInterfaceOrientations_iPhone = "UIInterfaceOrientationPortrait UIInterfaceOrientationLandscapeLeft UIInterfaceOrientationLandscapeRight";
				LD_RUNPATH_SEARCH_PATHS = (
					"$(inherited)",
					"@executable_path/Frameworks",
				);
				MARKETING_VERSION = 1.0;
				PRODUCT_BUNDLE_IDENTIFIER = "com.shakhawat-hossain.ShaktiCoin";
				PRODUCT_NAME = "$(TARGET_NAME)";
				SWIFT_EMIT_LOC_STRINGS = YES;
				SWIFT_VERSION = 5.0;
				TARGETED_DEVICE_FAMILY = "1,2";
			};
			name = Debug;
		};
		A1EF5319281D2A3F00DF9733 /* Release */ = {
			isa = XCBuildConfiguration;
			buildSettings = {
				ASSETCATALOG_COMPILER_APPICON_NAME = AppIcon;
				ASSETCATALOG_COMPILER_GLOBAL_ACCENT_COLOR_NAME = AccentColor;
				CODE_SIGN_STYLE = Automatic;
				CURRENT_PROJECT_VERSION = 1;
				DEVELOPMENT_ASSET_PATHS = "\"ShaktiCoin/Preview Content\"";
				DEVELOPMENT_TEAM = 33Z26KH6FC;
				ENABLE_PREVIEWS = YES;
				GENERATE_INFOPLIST_FILE = YES;
				INFOPLIST_FILE = ShaktiCoin/Info.plist;
				INFOPLIST_KEY_UIApplicationSceneManifest_Generation = YES;
				INFOPLIST_KEY_UIApplicationSupportsIndirectInputEvents = YES;
				INFOPLIST_KEY_UILaunchScreen_Generation = YES;
				INFOPLIST_KEY_UISupportedInterfaceOrientations_iPad = "UIInterfaceOrientationPortrait UIInterfaceOrientationPortraitUpsideDown UIInterfaceOrientationLandscapeLeft UIInterfaceOrientationLandscapeRight";
				INFOPLIST_KEY_UISupportedInterfaceOrientations_iPhone = "UIInterfaceOrientationPortrait UIInterfaceOrientationLandscapeLeft UIInterfaceOrientationLandscapeRight";
				LD_RUNPATH_SEARCH_PATHS = (
					"$(inherited)",
					"@executable_path/Frameworks",
				);
				MARKETING_VERSION = 1.0;
				PRODUCT_BUNDLE_IDENTIFIER = "com.shakhawat-hossain.ShaktiCoin";
				PRODUCT_NAME = "$(TARGET_NAME)";
				SWIFT_EMIT_LOC_STRINGS = YES;
				SWIFT_VERSION = 5.0;
				TARGETED_DEVICE_FAMILY = "1,2";
			};
			name = Release;
		};
/* End XCBuildConfiguration section */

/* Begin XCConfigurationList section */
		A1EF5304281D2A3E00DF9733 /* Build configuration list for PBXProject "ShaktiCoin" */ = {
			isa = XCConfigurationList;
			buildConfigurations = (
				A1EF5315281D2A3F00DF9733 /* Debug */,
				A1EF5316281D2A3F00DF9733 /* Release */,
			);
			defaultConfigurationIsVisible = 0;
			defaultConfigurationName = Release;
		};
		A1EF5317281D2A3F00DF9733 /* Build configuration list for PBXNativeTarget "ShaktiCoin" */ = {
			isa = XCConfigurationList;
			buildConfigurations = (
				A1EF5318281D2A3F00DF9733 /* Debug */,
				A1EF5319281D2A3F00DF9733 /* Release */,
			);
			defaultConfigurationIsVisible = 0;
			defaultConfigurationName = Release;
		};
/* End XCConfigurationList section */
	};
	rootObject = A1EF5301281D2A3E00DF9733 /* Project object */;
}
